
Microsoft Visual Studio Solution File, Format Version 12.00
# Visual Studio Version 17
VisualStudioVersion = 17.1.32210.238
MinimumVisualStudioVersion = 10.0.40219.1
Project("{9A19103F-16F7-4668-BE54-9A1E7A4F7556}") = "HomeFinder", "HomeFinder\HomeFinder.csproj", "{AD19A25B-43BF-41D2-BB60-9871B45CBA1F}"
EndProject
Project("{FAE04EC0-301F-11D3-BF4B-00C04F79EFBC}") = "WebAPI", "WebAPI\WebAPI.csproj", "{9048AEAB-FD59-4DEB-9792-522666E42B0D}"
EndProject
Global
	GlobalSection(SolutionConfigurationPlatforms) = preSolution
		Debug|Any CPU = Debug|Any CPU
		Release|Any CPU = Release|Any CPU
	EndGlobalSection
	GlobalSection(ProjectConfigurationPlatforms) = postSolution
		{AD19A25B-43BF-41D2-BB60-9871B45CBA1F}.Debug|Any CPU.ActiveCfg = Debug|Any CPU
		{AD19A25B-43BF-41D2-BB60-9871B45CBA1F}.Debug|Any CPU.Build.0 = Debug|Any CPU
		{AD19A25B-43BF-41D2-BB60-9871B45CBA1F}.Release|Any CPU.ActiveCfg = Release|Any CPU
		{AD19A25B-43BF-41D2-BB60-9871B45CBA1F}.Release|Any CPU.Build.0 = Release|Any CPU
		{9048AEAB-FD59-4DEB-9792-522666E42B0D}.Debug|Any CPU.ActiveCfg = Debug|Any CPU
		{9048AEAB-FD59-4DEB-9792-522666E42B0D}.Debug|Any CPU.Build.0 = Debug|Any CPU
		{9048AEAB-FD59-4DEB-9792-522666E42B0D}.Release|Any CPU.ActiveCfg = Release|Any CPU
		{9048AEAB-FD59-4DEB-9792-522666E42B0D}.Release|Any CPU.Build.0 = Release|Any CPU
	EndGlobalSection
	GlobalSection(SolutionProperties) = preSolution
		HideSolutionNode = FALSE
	EndGlobalSection
	GlobalSection(ExtensibilityGlobals) = postSolution
		SolutionGuid = {588A32A0-220D-4363-8078-33DB01C148EE}
	EndGlobalSection
EndGlobal
